
Microsoft Visual Studio Solution File, Format Version 12.00
# Visual Studio Version 17
VisualStudioVersion = 17.3.32825.248
MinimumVisualStudioVersion = 10.0.40219.1
Project("{FAE04EC0-301F-11D3-BF4B-00C04F79EFBC}") = "StoneClinic", "StoneClinic.csproj", "{13F63F2A-EE8D-4175-919B-998469594634}"
EndProject
Global
	GlobalSection(SolutionConfigurationPlatforms) = preSolution
		Debug|Any CPU = Debug|Any CPU
		Release|Any CPU = Release|Any CPU
	EndGlobalSection
	GlobalSection(ProjectConfigurationPlatforms) = postSolution
		{13F63F2A-EE8D-4175-919B-998469594634}.Debug|Any CPU.ActiveCfg = Debug|Any CPU
		{13F63F2A-EE8D-4175-919B-998469594634}.Debug|Any CPU.Build.0 = Debug|Any CPU
		{13F63F2A-EE8D-4175-919B-998469594634}.Release|Any CPU.ActiveCfg = Release|Any CPU
		{13F63F2A-EE8D-4175-919B-998469594634}.Release|Any CPU.Build.0 = Release|Any CPU
	EndGlobalSection
	GlobalSection(SolutionProperties) = preSolution
		HideSolutionNode = FALSE
	EndGlobalSection
	GlobalSection(ExtensibilityGlobals) = postSolution
		SolutionGuid = {D9BDC1FE-6CFC-4ECD-B177-F4E936E1D7F4}
	EndGlobalSection
EndGlobal
